
Microsoft Visual Studio Solution File, Format Version 12.00
# Visual Studio 2017
Project("{FAE04EC0-301F-11D3-BF4B-00C04F79EFBC}") = "TGAME", "TGAME.csproj", "{B0A9D563-2405-4C57-BD72-3D3226118109}"
EndProject
Global
	GlobalSection(SolutionConfigurationPlatforms) = preSolution
		Debug|Any CPU = Debug|Any CPU
		Release|Any CPU = Release|Any CPU
	EndGlobalSection
	GlobalSection(ProjectConfigurationPlatforms) = postSolution
		{B0A9D563-2405-4C57-BD72-3D3226118109}.Debug|Any CPU.ActiveCfg = Debug|Any CPU
		{B0A9D563-2405-4C57-BD72-3D3226118109}.Debug|Any CPU.Build.0 = Debug|Any CPU
		{B0A9D563-2405-4C57-BD72-3D3226118109}.Release|Any CPU.ActiveCfg = Release|Any CPU
		{B0A9D563-2405-4C57-BD72-3D3226118109}.Release|Any CPU.Build.0 = Release|Any CPU
	EndGlobalSection
	GlobalSection(SolutionProperties) = preSolution
		HideSolutionNode = FALSE
	EndGlobalSection
EndGlobal
